
Microsoft Visual Studio Solution File, Format Version 12.00
# Visual Studio 15
VisualStudioVersion = 15.0.27703.2035
MinimumVisualStudioVersion = 10.0.40219.1
Project("{FAE04EC0-301F-11D3-BF4B-00C04F79EFBC}") = "ComprehensiveHardwareInventory", "ComprehensiveHardwareInventory\ComprehensiveHardwareInventory.csproj", "{026152F5-3B9D-41AB-9B99-2C916C21E9E7}"
EndProject
Global
	GlobalSection(SolutionConfigurationPlatforms) = preSolution
		Debug|Any CPU = Debug|Any CPU
		Release|Any CPU = Release|Any CPU
	EndGlobalSection
	GlobalSection(ProjectConfigurationPlatforms) = postSolution
		{026152F5-3B9D-41AB-9B99-2C916C21E9E7}.Debug|Any CPU.ActiveCfg = Debug|Any CPU
		{026152F5-3B9D-41AB-9B99-2C916C21E9E7}.Debug|Any CPU.Build.0 = Debug|Any CPU
		{026152F5-3B9D-41AB-9B99-2C916C21E9E7}.Release|Any CPU.ActiveCfg = Release|Any CPU
		{026152F5-3B9D-41AB-9B99-2C916C21E9E7}.Release|Any CPU.Build.0 = Release|Any CPU
	EndGlobalSection
	GlobalSection(SolutionProperties) = preSolution
		HideSolutionNode = FALSE
	EndGlobalSection
	GlobalSection(ExtensibilityGlobals) = postSolution
		SolutionGuid = {1F255A1E-2643-4243-BF61-C425CDA7D1B1}
	EndGlobalSection
EndGlobal
